
Microsoft Visual Studio Solution File, Format Version 12.00
# Visual Studio Version 17
VisualStudioVersion = 17.11.35312.102
MinimumVisualStudioVersion = 10.0.40219.1
Project("{FAE04EC0-301F-11D3-BF4B-00C04F79EFBC}") = "points2D3D", "points2D3D.csproj", "{797CAB76-D251-4272-846E-D28CFC2608DF}"
EndProject
Global
	GlobalSection(SolutionConfigurationPlatforms) = preSolution
		Debug|Any CPU = Debug|Any CPU
		Release|Any CPU = Release|Any CPU
	EndGlobalSection
	GlobalSection(ProjectConfigurationPlatforms) = postSolution
		{797CAB76-D251-4272-846E-D28CFC2608DF}.Debug|Any CPU.ActiveCfg = Debug|Any CPU
		{797CAB76-D251-4272-846E-D28CFC2608DF}.Debug|Any CPU.Build.0 = Debug|Any CPU
		{797CAB76-D251-4272-846E-D28CFC2608DF}.Release|Any CPU.ActiveCfg = Release|Any CPU
		{797CAB76-D251-4272-846E-D28CFC2608DF}.Release|Any CPU.Build.0 = Release|Any CPU
	EndGlobalSection
	GlobalSection(SolutionProperties) = preSolution
		HideSolutionNode = FALSE
	EndGlobalSection
	GlobalSection(ExtensibilityGlobals) = postSolution
		SolutionGuid = {55B780CC-5F3B-4801-B2C1-2555D12C037C}
	EndGlobalSection
EndGlobal
